
Microsoft Visual Studio Solution File, Format Version 12.00
# Visual Studio 11
Project("{8BC9CEB8-8B4A-11D0-8D11-00A0C91BC942}") = "scge", "scge\scge.vcxproj", "{12AE9E0A-0B7C-3F8E-05B9-1214B623336B}"
EndProject
Project("{2150E333-8FDC-42A3-9474-1A3956D46DE8}") = "Examples", "Examples", "{41A0F5CE-EB86-421D-99B0-97E635F99EB0}"
EndProject
Project("{8BC9CEB8-8B4A-11D0-8D11-00A0C91BC942}") = "ModelViewer", "ModelViewer\ModelViewer.vcxproj", "{22DC1C40-9F3D-1E17-5C78-B6303EAAB6A6}"
	ProjectSection(ProjectDependencies) = postProject
		{12AE9E0A-0B7C-3F8E-05B9-1214B623336B} = {12AE9E0A-0B7C-3F8E-05B9-1214B623336B}
	EndProjectSection
EndProject
Global
	GlobalSection(SolutionConfigurationPlatforms) = preSolution
		Debug|Win32 = Debug|Win32
		Release|Win32 = Release|Win32
	EndGlobalSection
	GlobalSection(ProjectConfigurationPlatforms) = postSolution
		{12AE9E0A-0B7C-3F8E-05B9-1214B623336B}.Debug|Win32.ActiveCfg = Debug|Win32
		{12AE9E0A-0B7C-3F8E-05B9-1214B623336B}.Debug|Win32.Build.0 = Debug|Win32
		{12AE9E0A-0B7C-3F8E-05B9-1214B623336B}.Release|Win32.ActiveCfg = Release|Win32
		{12AE9E0A-0B7C-3F8E-05B9-1214B623336B}.Release|Win32.Build.0 = Release|Win32
		{22DC1C40-9F3D-1E17-5C78-B6303EAAB6A6}.Debug|Win32.ActiveCfg = Debug|Win32
		{22DC1C40-9F3D-1E17-5C78-B6303EAAB6A6}.Debug|Win32.Build.0 = Debug|Win32
		{22DC1C40-9F3D-1E17-5C78-B6303EAAB6A6}.Release|Win32.ActiveCfg = Release|Win32
		{22DC1C40-9F3D-1E17-5C78-B6303EAAB6A6}.Release|Win32.Build.0 = Release|Win32
	EndGlobalSection
	GlobalSection(SolutionProperties) = preSolution
		HideSolutionNode = FALSE
	EndGlobalSection
	GlobalSection(NestedProjects) = preSolution
		{22DC1C40-9F3D-1E17-5C78-B6303EAAB6A6} = {41A0F5CE-EB86-421D-99B0-97E635F99EB0}
	EndGlobalSection
	GlobalSection(Performance) = preSolution
		HasPerformanceSessions = true
	EndGlobalSection
EndGlobal
